
Microsoft Visual Studio Solution File, Format Version 12.00
# Visual Studio Version 16
VisualStudioVersion = 16.0.30503.244
MinimumVisualStudioVersion = 10.0.40219.1
Project("{9A19103F-16F7-4668-BE54-9A1E7A4F7556}") = "LayuiCmsCore.BusinessCore", "LayuiCmsCore.BusinessCore\LayuiCmsCore.BusinessCore.csproj", "{3AE2F4EA-9E24-4E4F-A16F-506DA2B4A263}"
EndProject
Project("{9A19103F-16F7-4668-BE54-9A1E7A4F7556}") = "LayuiCmsCore.Enties", "LayuiCmsCore.Enties\LayuiCmsCore.Enties.csproj", "{541EFBCF-E0FB-48EC-9F24-D9A199F44819}"
EndProject
Project("{9A19103F-16F7-4668-BE54-9A1E7A4F7556}") = "LayuiCmsCore.Models", "src\LayuiCmsCore.Models\LayuiCmsCore.Models.csproj", "{2DD60ABD-B25A-4417-9415-59EF6FFC9AA9}"
EndProject
Project("{9A19103F-16F7-4668-BE54-9A1E7A4F7556}") = "WebUIAdmin", "src\WebUIAdmin\WebUIAdmin.csproj", "{4C3AB6D8-01AD-44C3-A12B-CB7367578C75}"
EndProject
Project("{FAE04EC0-301F-11D3-BF4B-00C04F79EFBC}") = "LayuiCmsCore.Utils", "src\LayuiCmdCore.Utils\LayuiCmsCore.Utils.csproj", "{9AF4EE57-6C86-484D-AE10-D2111C272C87}"
EndProject
Global
	GlobalSection(SolutionConfigurationPlatforms) = preSolution
		Debug|Any CPU = Debug|Any CPU
		Release|Any CPU = Release|Any CPU
	EndGlobalSection
	GlobalSection(ProjectConfigurationPlatforms) = postSolution
		{3AE2F4EA-9E24-4E4F-A16F-506DA2B4A263}.Debug|Any CPU.ActiveCfg = Debug|Any CPU
		{3AE2F4EA-9E24-4E4F-A16F-506DA2B4A263}.Debug|Any CPU.Build.0 = Debug|Any CPU
		{3AE2F4EA-9E24-4E4F-A16F-506DA2B4A263}.Release|Any CPU.ActiveCfg = Release|Any CPU
		{3AE2F4EA-9E24-4E4F-A16F-506DA2B4A263}.Release|Any CPU.Build.0 = Release|Any CPU
		{541EFBCF-E0FB-48EC-9F24-D9A199F44819}.Debug|Any CPU.ActiveCfg = Debug|Any CPU
		{541EFBCF-E0FB-48EC-9F24-D9A199F44819}.Debug|Any CPU.Build.0 = Debug|Any CPU
		{541EFBCF-E0FB-48EC-9F24-D9A199F44819}.Release|Any CPU.ActiveCfg = Release|Any CPU
		{541EFBCF-E0FB-48EC-9F24-D9A199F44819}.Release|Any CPU.Build.0 = Release|Any CPU
		{2DD60ABD-B25A-4417-9415-59EF6FFC9AA9}.Debug|Any CPU.ActiveCfg = Debug|Any CPU
		{2DD60ABD-B25A-4417-9415-59EF6FFC9AA9}.Debug|Any CPU.Build.0 = Debug|Any CPU
		{2DD60ABD-B25A-4417-9415-59EF6FFC9AA9}.Release|Any CPU.ActiveCfg = Release|Any CPU
		{2DD60ABD-B25A-4417-9415-59EF6FFC9AA9}.Release|Any CPU.Build.0 = Release|Any CPU
		{4C3AB6D8-01AD-44C3-A12B-CB7367578C75}.Debug|Any CPU.ActiveCfg = Debug|Any CPU
		{4C3AB6D8-01AD-44C3-A12B-CB7367578C75}.Debug|Any CPU.Build.0 = Debug|Any CPU
		{4C3AB6D8-01AD-44C3-A12B-CB7367578C75}.Release|Any CPU.ActiveCfg = Release|Any CPU
		{4C3AB6D8-01AD-44C3-A12B-CB7367578C75}.Release|Any CPU.Build.0 = Release|Any CPU
		{9AF4EE57-6C86-484D-AE10-D2111C272C87}.Debug|Any CPU.ActiveCfg = Debug|Any CPU
		{9AF4EE57-6C86-484D-AE10-D2111C272C87}.Debug|Any CPU.Build.0 = Debug|Any CPU
		{9AF4EE57-6C86-484D-AE10-D2111C272C87}.Release|Any CPU.ActiveCfg = Release|Any CPU
		{9AF4EE57-6C86-484D-AE10-D2111C272C87}.Release|Any CPU.Build.0 = Release|Any CPU
	EndGlobalSection
	GlobalSection(SolutionProperties) = preSolution
		HideSolutionNode = FALSE
	EndGlobalSection
	GlobalSection(ExtensibilityGlobals) = postSolution
		SolutionGuid = {D75CA165-B2E7-4544-A28F-733026AA2510}
	EndGlobalSection
EndGlobal
